// !$*UTF8*$!
{
	archiveVersion = 1;
	classes = {
	};
	objectVersion = 46;
	objects = {

/* Begin PBXBuildFile section */
		3FBFDA1C1BE27D77000153E0 /* main.m in Sources */ = {isa = PBXBuildFile; fileRef = 3FBFDA1B1BE27D77000153E0 /* main.m */; };
		3FBFDA271BE27D77000153E0 /* Images.xcassets in Resources */ = {isa = PBXBuildFile; fileRef = 3FBFDA261BE27D77000153E0 /* Images.xcassets */; };
		3FBFDA361BE27D77000153E0 /* SuperMemoryTests.m in Sources */ = {isa = PBXBuildFile; fileRef = 3FBFDA351BE27D77000153E0 /* SuperMemoryTests.m */; };
		3FBFDA511BE27DC6000153E0 /* AppDelegate.m in Sources */ = {isa = PBXBuildFile; fileRef = 3FBFDA401BE27DC6000153E0 /* AppDelegate.m */; };
		3FBFDA521BE27DC6000153E0 /* CDGameContext.m in Sources */ = {isa = PBXBuildFile; fileRef = 3FBFDA421BE27DC6000153E0 /* CDGameContext.m */; };
		3FBFDA531BE27DC6000153E0 /* CDImageSquare.m in Sources */ = {isa = PBXBuildFile; fileRef = 3FBFDA451BE27DC6000153E0 /* CDImageSquare.m */; };
		3FBFDA541BE27DC6000153E0 /* CDMemoryGame.m in Sources */ = {isa = PBXBuildFile; fileRef = 3FBFDA471BE27DC6000153E0 /* CDMemoryGame.m */; };
		3FBFDA551BE27DC6000153E0 /* CDPosition.m in Sources */ = {isa = PBXBuildFile; fileRef = 3FBFDA491BE27DC6000153E0 /* CDPosition.m */; };
		3FBFDA561BE27DC6000153E0 /* CDRecord.m in Sources */ = {isa = PBXBuildFile; fileRef = 3FBFDA4B1BE27DC6000153E0 /* CDRecord.m */; };
		3FBFDA571BE27DC6000153E0 /* CDRecordViewController.m in Sources */ = {isa = PBXBuildFile; fileRef = 3FBFDA4D1BE27DC6000153E0 /* CDRecordViewController.m */; };
		3FBFDA581BE27DC6000153E0 /* CDRootViewController.m in Sources */ = {isa = PBXBuildFile; fileRef = 3FBFDA4F1BE27DC6000153E0 /* CDRootViewController.m */; };
		3FBFDA671BE27E8C000153E0 /* 1.png in Resources */ = {isa = PBXBuildFile; fileRef = 3FBFDA5A1BE27E8C000153E0 /* 1.png */; };
		3FBFDA681BE27E8C000153E0 /* 10.png in Resources */ = {isa = PBXBuildFile; fileRef = 3FBFDA5B1BE27E8C000153E0 /* 10.png */; };
		3FBFDA691BE27E8C000153E0 /* 11.png in Resources */ = {isa = PBXBuildFile; fileRef = 3FBFDA5C1BE27E8C000153E0 /* 11.png */; };
		3FBFDA6A1BE27E8C000153E0 /* 12.png in Resources */ = {isa = PBXBuildFile; fileRef = 3FBFDA5D1BE27E8C000153E0 /* 12.png */; };
		3FBFDA6B1BE27E8C000153E0 /* 2.png in Resources */ = {isa = PBXBuildFile; fileRef = 3FBFDA5E1BE27E8C000153E0 /* 2.png */; };
		3FBFDA6C1BE27E8C000153E0 /* 3.png in Resources */ = {isa = PBXBuildFile; fileRef = 3FBFDA5F1BE27E8C000153E0 /* 3.png */; };
		3FBFDA6D1BE27E8C000153E0 /* 4.png in Resources */ = {isa = PBXBuildFile; fileRef = 3FBFDA601BE27E8C000153E0 /* 4.png */; };
		3FBFDA6E1BE27E8C000153E0 /* 5.png in Resources */ = {isa = PBXBuildFile; fileRef = 3FBFDA611BE27E8C000153E0 /* 5.png */; };
		3FBFDA6F1BE27E8C000153E0 /* 6.png in Resources */ = {isa = PBXBuildFile; fileRef = 3FBFDA621BE27E8C000153E0 /* 6.png */; };
		3FBFDA701BE27E8C000153E0 /* 7.png in Resources */ = {isa = PBXBuildFile; fileRef = 3FBFDA631BE27E8C000153E0 /* 7.png */; };
		3FBFDA711BE27E8C000153E0 /* 8.png in Resources */ = {isa = PBXBuildFile; fileRef = 3FBFDA641BE27E8C000153E0 /* 8.png */; };
		3FBFDA721BE27E8C000153E0 /* 9.png in Resources */ = {isa = PBXBuildFile; fileRef = 3FBFDA651BE27E8C000153E0 /* 9.png */; };
		3FBFDA731BE27E8C000153E0 /* couple.caf in Resources */ = {isa = PBXBuildFile; fileRef = 3FBFDA661BE27E8C000153E0 /* couple.caf */; };
/* End PBXBuildFile section */

/* Begin PBXContainerItemProxy section */
		3FBFDA301BE27D77000153E0 /* PBXContainerItemProxy */ = {
			isa = PBXContainerItemProxy;
			containerPortal = 3FBFDA0E1BE27D77000153E0 /* Project object */;
			proxyType = 1;
			remoteGlobalIDString = 3FBFDA151BE27D77000153E0;
			remoteInfo = SuperMemory;
		};
/* End PBXContainerItemProxy section */

/* Begin PBXFileReference section */
		3FBFDA161BE27D77000153E0 /* 记忆力大比拼.app */ = {isa = PBXFileReference; explicitFileType = wrapper.application; includeInIndex = 0; path = "记忆力大比拼.app"; sourceTree = BUILT_PRODUCTS_DIR; };
		3FBFDA1A1BE27D77000153E0 /* Info.plist */ = {isa = PBXFileReference; lastKnownFileType = text.plist.xml; path = Info.plist; sourceTree = "<group>"; };
		3FBFDA1B1BE27D77000153E0 /* main.m */ = {isa = PBXFileReference; lastKnownFileType = sourcecode.c.objc; path = main.m; sourceTree = "<group>"; };
		3FBFDA261BE27D77000153E0 /* Images.xcassets */ = {isa = PBXFileReference; lastKnownFileType = folder.assetcatalog; path = Images.xcassets; sourceTree = "<group>"; };
		3FBFDA2F1BE27D77000153E0 /* SuperMemoryTests.xctest */ = {isa = PBXFileReference; explicitFileType = wrapper.cfbundle; includeInIndex = 0; path = SuperMemoryTests.xctest; sourceTree = BUILT_PRODUCTS_DIR; };
		3FBFDA341BE27D77000153E0 /* Info.plist */ = {isa = PBXFileReference; lastKnownFileType = text.plist.xml; path = Info.plist; sourceTree = "<group>"; };
		3FBFDA351BE27D77000153E0 /* SuperMemoryTests.m */ = {isa = PBXFileReference; lastKnownFileType = sourcecode.c.objc; path = SuperMemoryTests.m; sourceTree = "<group>"; };
		3FBFDA3F1BE27DC6000153E0 /* AppDelegate.h */ = {isa = PBXFileReference; fileEncoding = 4; lastKnownFileType = sourcecode.c.h; path = AppDelegate.h; sourceTree = "<group>"; };
		3FBFDA401BE27DC6000153E0 /* AppDelegate.m */ = {isa = PBXFileReference; fileEncoding = 4; lastKnownFileType = sourcecode.c.objc; path = AppDelegate.m; sourceTree = "<group>"; };
		3FBFDA411BE27DC6000153E0 /* CDGameContext.h */ = {isa = PBXFileReference; fileEncoding = 4; lastKnownFileType = sourcecode.c.h; path = CDGameContext.h; sourceTree = "<group>"; };
		3FBFDA421BE27DC6000153E0 /* CDGameContext.m */ = {isa = PBXFileReference; fileEncoding = 4; lastKnownFileType = sourcecode.c.objc; path = CDGameContext.m; sourceTree = "<group>"; };
		3FBFDA431BE27DC6000153E0 /* CDGameDelegate.h */ = {isa = PBXFileReference; fileEncoding = 4; lastKnownFileType = sourcecode.c.h; path = CDGameDelegate.h; sourceTree = "<group>"; };
		3FBFDA441BE27DC6000153E0 /* CDImageSquare.h */ = {isa = PBXFileReference; fileEncoding = 4; lastKnownFileType = sourcecode.c.h; path = CDImageSquare.h; sourceTree = "<group>"; };
		3FBFDA451BE27DC6000153E0 /* CDImageSquare.m */ = {isa = PBXFileReference; fileEncoding = 4; lastKnownFileType = sourcecode.c.objc; path = CDImageSquare.m; sourceTree = "<group>"; };
		3FBFDA461BE27DC6000153E0 /* CDMemoryGame.h */ = {isa = PBXFileReference; fileEncoding = 4; lastKnownFileType = sourcecode.c.h; path = CDMemoryGame.h; sourceTree = "<group>"; };
		3FBFDA471BE27DC6000153E0 /* CDMemoryGame.m */ = {isa = PBXFileReference; fileEncoding = 4; lastKnownFileType = sourcecode.c.objc; path = CDMemoryGame.m; sourceTree = "<group>"; };
		3FBFDA481BE27DC6000153E0 /* CDPosition.h */ = {isa = PBXFileReference; fileEncoding = 4; lastKnownFileType = sourcecode.c.h; path = CDPosition.h; sourceTree = "<group>"; };
		3FBFDA491BE27DC6000153E0 /* CDPosition.m */ = {isa = PBXFileReference; fileEncoding = 4; lastKnownFileType = sourcecode.c.objc; path = CDPosition.m; sourceTree = "<group>"; };
		3FBFDA4A1BE27DC6000153E0 /* CDRecord.h */ = {isa = PBXFileReference; fileEncoding = 4; lastKnownFileType = sourcecode.c.h; path = CDRecord.h; sourceTree = "<group>"; };
		3FBFDA4B1BE27DC6000153E0 /* CDRecord.m */ = {isa = PBXFileReference; fileEncoding = 4; lastKnownFileType = sourcecode.c.objc; path = CDRecord.m; sourceTree = "<group>"; };
		3FBFDA4C1BE27DC6000153E0 /* CDRecordViewController.h */ = {isa = PBXFileReference; fileEncoding = 4; lastKnownFileType = sourcecode.c.h; path = CDRecordViewController.h; sourceTree = "<group>"; };
		3FBFDA4D1BE27DC6000153E0 /* CDRecordViewController.m */ = {isa = PBXFileReference; fileEncoding = 4; lastKnownFileType = sourcecode.c.objc; path = CDRecordViewController.m; sourceTree = "<group>"; };
		3FBFDA4E1BE27DC6000153E0 /* CDRootViewController.h */ = {isa = PBXFileReference; fileEncoding = 4; lastKnownFileType = sourcecode.c.h; path = CDRootViewController.h; sourceTree = "<group>"; };
		3FBFDA4F1BE27DC6000153E0 /* CDRootViewController.m */ = {isa = PBXFileReference; fileEncoding = 4; lastKnownFileType = sourcecode.c.objc; path = CDRootViewController.m; sourceTree = "<group>"; };
		3FBFDA501BE27DC6000153E0 /* CDRotateProtocol.h */ = {isa = PBXFileReference; fileEncoding = 4; lastKnownFileType = sourcecode.c.h; path = CDRotateProtocol.h; sourceTree = "<group>"; };
		3FBFDA5A1BE27E8C000153E0 /* 1.png */ = {isa = PBXFileReference; lastKnownFileType = image.png; path = 1.png; sourceTree = "<group>"; };
		3FBFDA5B1BE27E8C000153E0 /* 10.png */ = {isa = PBXFileReference; lastKnownFileType = image.png; path = 10.png; sourceTree = "<group>"; };
		3FBFDA5C1BE27E8C000153E0 /* 11.png */ = {isa = PBXFileReference; lastKnownFileType = image.png; path = 11.png; sourceTree = "<group>"; };
		3FBFDA5D1BE27E8C000153E0 /* 12.png */ = {isa = PBXFileReference; lastKnownFileType = image.png; path = 12.png; sourceTree = "<group>"; };
		3FBFDA5E1BE27E8C000153E0 /* 2.png */ = {isa = PBXFileReference; lastKnownFileType = image.png; path = 2.png; sourceTree = "<group>"; };
		3FBFDA5F1BE27E8C000153E0 /* 3.png */ = {isa = PBXFileReference; lastKnownFileType = image.png; path = 3.png; sourceTree = "<group>"; };
		3FBFDA601BE27E8C000153E0 /* 4.png */ = {isa = PBXFileReference; lastKnownFileType = image.png; path = 4.png; sourceTree = "<group>"; };
		3FBFDA611BE27E8C000153E0 /* 5.png */ = {isa = PBXFileReference; lastKnownFileType = image.png; path = 5.png; sourceTree = "<group>"; };
		3FBFDA621BE27E8C000153E0 /* 6.png */ = {isa = PBXFileReference; lastKnownFileType = image.png; path = 6.png; sourceTree = "<group>"; };
		3FBFDA631BE27E8C000153E0 /* 7.png */ = {isa = PBXFileReference; lastKnownFileType = image.png; path = 7.png; sourceTree = "<group>"; };
		3FBFDA641BE27E8C000153E0 /* 8.png */ = {isa = PBXFileReference; lastKnownFileType = image.png; path = 8.png; sourceTree = "<group>"; };
		3FBFDA651BE27E8C000153E0 /* 9.png */ = {isa = PBXFileReference; lastKnownFileType = image.png; path = 9.png; sourceTree = "<group>"; };
		3FBFDA661BE27E8C000153E0 /* couple.caf */ = {isa = PBXFileReference; lastKnownFileType = file; path = couple.caf; sourceTree = "<group>"; };
/* End PBXFileReference section */

/* Begin PBXFrameworksBuildPhase section */
		3FBFDA131BE27D77000153E0 /* Frameworks */ = {
			isa = PBXFrameworksBuildPhase;
			buildActionMask = 2147483647;
			files = (
			);
			runOnlyForDeploymentPostprocessing = 0;
		};
		3FBFDA2C1BE27D77000153E0 /* Frameworks */ = {
			isa = PBXFrameworksBuildPhase;
			buildActionMask = 2147483647;
			files = (
			);
			runOnlyForDeploymentPostprocessing = 0;
		};
/* End PBXFrameworksBuildPhase section */

/* Begin PBXGroup section */
		3FBFDA0D1BE27D77000153E0 = {
			isa = PBXGroup;
			children = (
				3FBFDA591BE27E8C000153E0 /* Resources */,
				3FBFDA181BE27D77000153E0 /* SuperMemory */,
				3FBFDA321BE27D77000153E0 /* SuperMemoryTests */,
				3FBFDA171BE27D77000153E0 /* Products */,
			);
			sourceTree = "<group>";
		};
		3FBFDA171BE27D77000153E0 /* Products */ = {
			isa = PBXGroup;
			children = (
				3FBFDA161BE27D77000153E0 /* 记忆力大比拼.app */,
				3FBFDA2F1BE27D77000153E0 /* SuperMemoryTests.xctest */,
			);
			name = Products;
			sourceTree = "<group>";
		};
		3FBFDA181BE27D77000153E0 /* SuperMemory */ = {
			isa = PBXGroup;
			children = (
				3FBFDA3F1BE27DC6000153E0 /* AppDelegate.h */,
				3FBFDA401BE27DC6000153E0 /* AppDelegate.m */,
				3FBFDA411BE27DC6000153E0 /* CDGameContext.h */,
				3FBFDA421BE27DC6000153E0 /* CDGameContext.m */,
				3FBFDA431BE27DC6000153E0 /* CDGameDelegate.h */,
				3FBFDA441BE27DC6000153E0 /* CDImageSquare.h */,
				3FBFDA451BE27DC6000153E0 /* CDImageSquare.m */,
				3FBFDA461BE27DC6000153E0 /* CDMemoryGame.h */,
				3FBFDA471BE27DC6000153E0 /* CDMemoryGame.m */,
				3FBFDA481BE27DC6000153E0 /* CDPosition.h */,
				3FBFDA491BE27DC6000153E0 /* CDPosition.m */,
				3FBFDA4A1BE27DC6000153E0 /* CDRecord.h */,
				3FBFDA4B1BE27DC6000153E0 /* CDRecord.m */,
				3FBFDA4C1BE27DC6000153E0 /* CDRecordViewController.h */,
				3FBFDA4D1BE27DC6000153E0 /* CDRecordViewController.m */,
				3FBFDA4E1BE27DC6000153E0 /* CDRootViewController.h */,
				3FBFDA4F1BE27DC6000153E0 /* CDRootViewController.m */,
				3FBFDA501BE27DC6000153E0 /* CDRotateProtocol.h */,
				3FBFDA261BE27D77000153E0 /* Images.xcassets */,
				3FBFDA191BE27D77000153E0 /* Supporting Files */,
			);
			path = SuperMemory;
			sourceTree = "<group>";
		};
		3FBFDA191BE27D77000153E0 /* Supporting Files */ = {
			isa = PBXGroup;
			children = (
				3FBFDA1A1BE27D77000153E0 /* Info.plist */,
				3FBFDA1B1BE27D77000153E0 /* main.m */,
			);
			name = "Supporting Files";
			sourceTree = "<group>";
		};
		3FBFDA321BE27D77000153E0 /* SuperMemoryTests */ = {
			isa = PBXGroup;
			children = (
				3FBFDA351BE27D77000153E0 /* SuperMemoryTests.m */,
				3FBFDA331BE27D77000153E0 /* Supporting Files */,
			);
			path = SuperMemoryTests;
			sourceTree = "<group>";
		};
		3FBFDA331BE27D77000153E0 /* Supporting Files */ = {
			isa = PBXGroup;
			children = (
				3FBFDA341BE27D77000153E0 /* Info.plist */,
			);
			name = "Supporting Files";
			sourceTree = "<group>";
		};
		3FBFDA591BE27E8C000153E0 /* Resources */ = {
			isa = PBXGroup;
			children = (
				3FBFDA5A1BE27E8C000153E0 /* 1.png */,
				3FBFDA5B1BE27E8C000153E0 /* 10.png */,
				3FBFDA5C1BE27E8C000153E0 /* 11.png */,
				3FBFDA5D1BE27E8C000153E0 /* 12.png */,
				3FBFDA5E1BE27E8C000153E0 /* 2.png */,
				3FBFDA5F1BE27E8C000153E0 /* 3.png */,
				3FBFDA601BE27E8C000153E0 /* 4.png */,
				3FBFDA611BE27E8C000153E0 /* 5.png */,
				3FBFDA621BE27E8C000153E0 /* 6.png */,
				3FBFDA631BE27E8C000153E0 /* 7.png */,
				3FBFDA641BE27E8C000153E0 /* 8.png */,
				3FBFDA651BE27E8C000153E0 /* 9.png */,
				3FBFDA661BE27E8C000153E0 /* couple.caf */,
			);
			path = Resources;
			sourceTree = "<group>";
		};
/* End PBXGroup section */

/* Begin PBXNativeTarget section */
		3FBFDA151BE27D77000153E0 /* SuperMemory */ = {
			isa = PBXNativeTarget;
			buildConfigurationList = 3FBFDA391BE27D77000153E0 /* Build configuration list for PBXNativeTarget "SuperMemory" */;
			buildPhases = (
				3FBFDA121BE27D77000153E0 /* Sources */,
				3FBFDA131BE27D77000153E0 /* Frameworks */,
				3FBFDA141BE27D77000153E0 /* Resources */,
			);
			buildRules = (
			);
			dependencies = (
			);
			name = SuperMemory;
			productName = SuperMemory;
			productReference = 3FBFDA161BE27D77000153E0 /* 记忆力大比拼.app */;
			productType = "com.apple.product-type.application";
		};
		3FBFDA2E1BE27D77000153E0 /* SuperMemoryTests */ = {
			isa = PBXNativeTarget;
			buildConfigurationList = 3FBFDA3C1BE27D77000153E0 /* Build configuration list for PBXNativeTarget "SuperMemoryTests" */;
			buildPhases = (
				3FBFDA2B1BE27D77000153E0 /* Sources */,
				3FBFDA2C1BE27D77000153E0 /* Frameworks */,
				3FBFDA2D1BE27D77000153E0 /* Resources */,
			);
			buildRules = (
			);
			dependencies = (
				3FBFDA311BE27D77000153E0 /* PBXTargetDependency */,
			);
			name = SuperMemoryTests;
			productName = SuperMemoryTests;
			productReference = 3FBFDA2F1BE27D77000153E0 /* SuperMemoryTests.xctest */;
			productType = "com.apple.product-type.bundle.unit-test";
		};
/* End PBXNativeTarget section */

/* Begin PBXProject section */
		3FBFDA0E1BE27D77000153E0 /* Project object */ = {
			isa = PBXProject;
			attributes = {
				LastUpgradeCheck = 0830;
				ORGANIZATIONNAME = mobiletrain;
				TargetAttributes = {
					3FBFDA151BE27D77000153E0 = {
						CreatedOnToolsVersion = 6.3.2;
						DevelopmentTeam = WX73XRL87F;
						ProvisioningStyle = Automatic;
					};
					3FBFDA2E1BE27D77000153E0 = {
						CreatedOnToolsVersion = 6.3.2;
						TestTargetID = 3FBFDA151BE27D77000153E0;
					};
				};
			};
			buildConfigurationList = 3FBFDA111BE27D77000153E0 /* Build configuration list for PBXProject "SuperMemory" */;
			compatibilityVersion = "Xcode 3.2";
			developmentRegion = English;
			hasScannedForEncodings = 0;
			knownRegions = (
				en,
				Base,
			);
			mainGroup = 3FBFDA0D1BE27D77000153E0;
			productRefGroup = 3FBFDA171BE27D77000153E0 /* Products */;
			projectDirPath = "";
			projectRoot = "";
			targets = (
				3FBFDA151BE27D77000153E0 /* SuperMemory */,
				3FBFDA2E1BE27D77000153E0 /* SuperMemoryTests */,
			);
		};
/* End PBXProject section */

/* Begin PBXResourcesBuildPhase section */
		3FBFDA141BE27D77000153E0 /* Resources */ = {
			isa = PBXResourcesBuildPhase;
			buildActionMask = 2147483647;
			files = (
				3FBFDA711BE27E8C000153E0 /* 8.png in Resources */,
				3FBFDA701BE27E8C000153E0 /* 7.png in Resources */,
				3FBFDA6B1BE27E8C000153E0 /* 2.png in Resources */,
				3FBFDA6A1BE27E8C000153E0 /* 12.png in Resources */,
				3FBFDA721BE27E8C000153E0 /* 9.png in Resources */,
				3FBFDA271BE27D77000153E0 /* Images.xcassets in Resources */,
				3FBFDA671BE27E8C000153E0 /* 1.png in Resources */,
				3FBFDA6F1BE27E8C000153E0 /* 6.png in Resources */,
				3FBFDA6D1BE27E8C000153E0 /* 4.png in Resources */,
				3FBFDA681BE27E8C000153E0 /* 10.png in Resources */,
				3FBFDA6E1BE27E8C000153E0 /* 5.png in Resources */,
				3FBFDA6C1BE27E8C000153E0 /* 3.png in Resources */,
				3FBFDA731BE27E8C000153E0 /* couple.caf in Resources */,
				3FBFDA691BE27E8C000153E0 /* 11.png in Resources */,
			);
			runOnlyForDeploymentPostprocessing = 0;
		};
		3FBFDA2D1BE27D77000153E0 /* Resources */ = {
			isa = PBXResourcesBuildPhase;
			buildActionMask = 2147483647;
			files = (
			);
			runOnlyForDeploymentPostprocessing = 0;
		};
/* End PBXResourcesBuildPhase section */

/* Begin PBXSourcesBuildPhase section */
		3FBFDA121BE27D77000153E0 /* Sources */ = {
			isa = PBXSourcesBuildPhase;
			buildActionMask = 2147483647;
			files = (
				3FBFDA581BE27DC6000153E0 /* CDRootViewController.m in Sources */,
				3FBFDA571BE27DC6000153E0 /* CDRecordViewController.m in Sources */,
				3FBFDA511BE27DC6000153E0 /* AppDelegate.m in Sources */,
				3FBFDA531BE27DC6000153E0 /* CDImageSquare.m in Sources */,
				3FBFDA521BE27DC6000153E0 /* CDGameContext.m in Sources */,
				3FBFDA561BE27DC6000153E0 /* CDRecord.m in Sources */,
				3FBFDA551BE27DC6000153E0 /* CDPosition.m in Sources */,
				3FBFDA1C1BE27D77000153E0 /* main.m in Sources */,
				3FBFDA541BE27DC6000153E0 /* CDMemoryGame.m in Sources */,
			);
			runOnlyForDeploymentPostprocessing = 0;
		};
		3FBFDA2B1BE27D77000153E0 /* Sources */ = {
			isa = PBXSourcesBuildPhase;
			buildActionMask = 2147483647;
			files = (
				3FBFDA361BE27D77000153E0 /* SuperMemoryTests.m in Sources */,
			);
			runOnlyForDeploymentPostprocessing = 0;
		};
/* End PBXSourcesBuildPhase section */

/* Begin PBXTargetDependency section */
		3FBFDA311BE27D77000153E0 /* PBXTargetDependency */ = {
			isa = PBXTargetDependency;
			target = 3FBFDA151BE27D77000153E0 /* SuperMemory */;
			targetProxy = 3FBFDA301BE27D77000153E0 /* PBXContainerItemProxy */;
		};
/* End PBXTargetDependency section */

/* Begin XCBuildConfiguration section */
		3FBFDA371BE27D77000153E0 /* Debug */ = {
			isa = XCBuildConfiguration;
			buildSettings = {
				ALWAYS_SEARCH_USER_PATHS = NO;
				CLANG_CXX_LANGUAGE_STANDARD = "gnu++0x";
				CLANG_CXX_LIBRARY = "libc++";
				CLANG_ENABLE_MODULES = YES;
				CLANG_ENABLE_OBJC_ARC = YES;
				CLANG_WARN_BOOL_CONVERSION = YES;
				CLANG_WARN_CONSTANT_CONVERSION = YES;
				CLANG_WARN_DIRECT_OBJC_ISA_USAGE = YES_ERROR;
				CLANG_WARN_EMPTY_BODY = YES;
				CLANG_WARN_ENUM_CONVERSION = YES;
				CLANG_WARN_INFINITE_RECURSION = YES;
				CLANG_WARN_INT_CONVERSION = YES;
				CLANG_WARN_OBJC_ROOT_CLASS = YES_ERROR;
				CLANG_WARN_SUSPICIOUS_MOVE = YES;
				CLANG_WARN_UNREACHABLE_CODE = YES;
				CLANG_WARN__DUPLICATE_METHOD_MATCH = YES;
				"CODE_SIGN_IDENTITY[sdk=iphoneos*]" = "iPhone Developer";
				COPY_PHASE_STRIP = NO;
				DEBUG_INFORMATION_FORMAT = "dwarf-with-dsym";
				ENABLE_STRICT_OBJC_MSGSEND = YES;
				ENABLE_TESTABILITY = YES;
				GCC_C_LANGUAGE_STANDARD = gnu99;
				GCC_DYNAMIC_NO_PIC = NO;
				GCC_NO_COMMON_BLOCKS = YES;
				GCC_OPTIMIZATION_LEVEL = 0;
				GCC_PREPROCESSOR_DEFINITIONS = (
					"DEBUG=1",
					"$(inherited)",
				);
				GCC_SYMBOLS_PRIVATE_EXTERN = NO;
				GCC_WARN_64_TO_32_BIT_CONVERSION = YES;
				GCC_WARN_ABOUT_RETURN_TYPE = YES_ERROR;
				GCC_WARN_UNDECLARED_SELECTOR = YES;
				GCC_WARN_UNINITIALIZED_AUTOS = YES_AGGRESSIVE;
				GCC_WARN_UNUSED_FUNCTION = YES;
				GCC_WARN_UNUSED_VARIABLE = YES;
				IPHONEOS_DEPLOYMENT_TARGET = 10.0;
				MTL_ENABLE_DEBUG_INFO = YES;
				ONLY_ACTIVE_ARCH = YES;
				SDKROOT = iphoneos;
			};
			name = Debug;
		};
		3FBFDA381BE27D77000153E0 /* Release */ = {
			isa = XCBuildConfiguration;
			buildSettings = {
				ALWAYS_SEARCH_USER_PATHS = NO;
				CLANG_CXX_LANGUAGE_STANDARD = "gnu++0x";
				CLANG_CXX_LIBRARY = "libc++";
				CLANG_ENABLE_MODULES = YES;
				CLANG_ENABLE_OBJC_ARC = YES;
				CLANG_WARN_BOOL_CONVERSION = YES;
				CLANG_WARN_CONSTANT_CONVERSION = YES;
				CLANG_WARN_DIRECT_OBJC_ISA_USAGE = YES_ERROR;
				CLANG_WARN_EMPTY_BODY = YES;
				CLANG_WARN_ENUM_CONVERSION = YES;
				CLANG_WARN_INFINITE_RECURSION = YES;
				CLANG_WARN_INT_CONVERSION = YES;
				CLANG_WARN_OBJC_ROOT_CLASS = YES_ERROR;
				CLANG_WARN_SUSPICIOUS_MOVE = YES;
				CLANG_WARN_UNREACHABLE_CODE = YES;
				CLANG_WARN__DUPLICATE_METHOD_MATCH = YES;
				"CODE_SIGN_IDENTITY[sdk=iphoneos*]" = "iPhone Developer";
				COPY_PHASE_STRIP = NO;
				DEBUG_INFORMATION_FORMAT = "dwarf-with-dsym";
				ENABLE_NS_ASSERTIONS = NO;
				ENABLE_STRICT_OBJC_MSGSEND = YES;
				GCC_C_LANGUAGE_STANDARD = gnu99;
				GCC_NO_COMMON_BLOCKS = YES;
				GCC_WARN_64_TO_32_BIT_CONVERSION = YES;
				GCC_WARN_ABOUT_RETURN_TYPE = YES_ERROR;
				GCC_WARN_UNDECLARED_SELECTOR = YES;
				GCC_WARN_UNINITIALIZED_AUTOS = YES_AGGRESSIVE;
				GCC_WARN_UNUSED_FUNCTION = YES;
				GCC_WARN_UNUSED_VARIABLE = YES;
				IPHONEOS_DEPLOYMENT_TARGET = 10.0;
				MTL_ENABLE_DEBUG_INFO = NO;
				SDKROOT = iphoneos;
				VALIDATE_PRODUCT = YES;
			};
			name = Release;
		};
		3FBFDA3A1BE27D77000153E0 /* Debug */ = {
			isa = XCBuildConfiguration;
			buildSettings = {
				ASSETCATALOG_COMPILER_APPICON_NAME = AppIcon;
				CODE_SIGN_IDENTITY = "iPhone Developer";
				"CODE_SIGN_IDENTITY[sdk=iphoneos*]" = "iPhone Developer";
				DEVELOPMENT_TEAM = WX73XRL87F;
				INFOPLIST_FILE = SuperMemory/Info.plist;
				IPHONEOS_DEPLOYMENT_TARGET = 8.3;
				LD_RUNPATH_SEARCH_PATHS = "$(inherited) @executable_path/Frameworks";
				PRODUCT_BUNDLE_IDENTIFIER = com.cloud4magic.cp;
				PRODUCT_NAME = "记忆力大比拼";
				PROVISIONING_PROFILE = "";
				PROVISIONING_PROFILE_SPECIFIER = "";
			};
			name = Debug;
		};
		3FBFDA3B1BE27D77000153E0 /* Release */ = {
			isa = XCBuildConfiguration;
			buildSettings = {
				ASSETCATALOG_COMPILER_APPICON_NAME = AppIcon;
				CODE_SIGN_IDENTITY = "iPhone Developer";
				"CODE_SIGN_IDENTITY[sdk=iphoneos*]" = "iPhone Developer";
				DEVELOPMENT_TEAM = WX73XRL87F;
				INFOPLIST_FILE = SuperMemory/Info.plist;
				IPHONEOS_DEPLOYMENT_TARGET = 8.3;
				LD_RUNPATH_SEARCH_PATHS = "$(inherited) @executable_path/Frameworks";
				PRODUCT_BUNDLE_IDENTIFIER = com.cloud4magic.cp;
				PRODUCT_NAME = "记忆力大比拼";
				PROVISIONING_PROFILE = "";
				PROVISIONING_PROFILE_SPECIFIER = "";
			};
			name = Release;
		};
		3FBFDA3D1BE27D77000153E0 /* Debug */ = {
			isa = XCBuildConfiguration;
			buildSettings = {
				BUNDLE_LOADER = "$(TEST_HOST)";
				FRAMEWORK_SEARCH_PATHS = (
					"$(SDKROOT)/Developer/Library/Frameworks",
					"$(inherited)",
				);
				GCC_PREPROCESSOR_DEFINITIONS = (
					"DEBUG=1",
					"$(inherited)",
				);
				INFOPLIST_FILE = SuperMemoryTests/Info.plist;
				LD_RUNPATH_SEARCH_PATHS = "$(inherited) @executable_path/Frameworks @loader_path/Frameworks";
				PRODUCT_BUNDLE_IDENTIFIER = "org.mobiletrain.$(PRODUCT_NAME:rfc1034identifier)";
				PRODUCT_NAME = "$(TARGET_NAME)";
				TEST_HOST = "$(BUILT_PRODUCTS_DIR)/记忆力大比拼.app/记忆力大比拼";
			};
			name = Debug;
		};
		3FBFDA3E1BE27D77000153E0 /* Release */ = {
			isa = XCBuildConfiguration;
			buildSettings = {
				BUNDLE_LOADER = "$(TEST_HOST)";
				FRAMEWORK_SEARCH_PATHS = (
					"$(SDKROOT)/Developer/Library/Frameworks",
					"$(inherited)",
				);
				INFOPLIST_FILE = SuperMemoryTests/Info.plist;
				LD_RUNPATH_SEARCH_PATHS = "$(inherited) @executable_path/Frameworks @loader_path/Frameworks";
				PRODUCT_BUNDLE_IDENTIFIER = "org.mobiletrain.$(PRODUCT_NAME:rfc1034identifier)";
				PRODUCT_NAME = "$(TARGET_NAME)";
				TEST_HOST = "$(BUILT_PRODUCTS_DIR)/记忆力大比拼.app/记忆力大比拼";
			};
			name = Release;
		};
/* End XCBuildConfiguration section */

/* Begin XCConfigurationList section */
		3FBFDA111BE27D77000153E0 /* Build configuration list for PBXProject "SuperMemory" */ = {
			isa = XCConfigurationList;
			buildConfigurations = (
				3FBFDA371BE27D77000153E0 /* Debug */,
				3FBFDA381BE27D77000153E0 /* Release */,
			);
			defaultConfigurationIsVisible = 0;
			defaultConfigurationName = Release;
		};
		3FBFDA391BE27D77000153E0 /* Build configuration list for PBXNativeTarget "SuperMemory" */ = {
			isa = XCConfigurationList;
			buildConfigurations = (
				3FBFDA3A1BE27D77000153E0 /* Debug */,
				3FBFDA3B1BE27D77000153E0 /* Release */,
			);
			defaultConfigurationIsVisible = 0;
			defaultConfigurationName = Release;
		};
		3FBFDA3C1BE27D77000153E0 /* Build configuration list for PBXNativeTarget "SuperMemoryTests" */ = {
			isa = XCConfigurationList;
			buildConfigurations = (
				3FBFDA3D1BE27D77000153E0 /* Debug */,
				3FBFDA3E1BE27D77000153E0 /* Release */,
			);
			defaultConfigurationIsVisible = 0;
			defaultConfigurationName = Release;
		};
/* End XCConfigurationList section */
	};
	rootObject = 3FBFDA0E1BE27D77000153E0 /* Project object */;
}
